
Microsoft Visual Studio Solution File, Format Version 12.00
# Visual Studio Version 16
VisualStudioVersion = 16.0.30717.126
MinimumVisualStudioVersion = 10.0.40219.1
Project("{FAE04EC0-301F-11D3-BF4B-00C04F79EFBC}") = "lab-02", "lab-02\lab-02.csproj", "{993883B1-CAB2-4728-A9DB-5ADAD6B11DDE}"
EndProject
Global
	GlobalSection(SolutionConfigurationPlatforms) = preSolution
		Debug|Any CPU = Debug|Any CPU
		Release|Any CPU = Release|Any CPU
	EndGlobalSection
	GlobalSection(ProjectConfigurationPlatforms) = postSolution
		{993883B1-CAB2-4728-A9DB-5ADAD6B11DDE}.Debug|Any CPU.ActiveCfg = Debug|Any CPU
		{993883B1-CAB2-4728-A9DB-5ADAD6B11DDE}.Debug|Any CPU.Build.0 = Debug|Any CPU
		{993883B1-CAB2-4728-A9DB-5ADAD6B11DDE}.Release|Any CPU.ActiveCfg = Release|Any CPU
		{993883B1-CAB2-4728-A9DB-5ADAD6B11DDE}.Release|Any CPU.Build.0 = Release|Any CPU
	EndGlobalSection
	GlobalSection(SolutionProperties) = preSolution
		HideSolutionNode = FALSE
	EndGlobalSection
	GlobalSection(ExtensibilityGlobals) = postSolution
		SolutionGuid = {670BC7E7-3B51-418A-A11E-DF7674E1B5B4}
	EndGlobalSection
EndGlobal
